<?xml version="1.0" encoding="utf-8"?>
<Project ToolsVersion="17.0" xmlns="http://schemas.microsoft.com/developer/msbuild/2003">
  <ItemGroup>
    <CustomBuild Include="E:\Repos\VulkanEngine\VulkanEngine\cmake\CMakeFiles\be5bdc6c97a201814b7bab4decaa53f3\generate.stamp.rule">
      <Filter>CMake Rules</Filter>
    </CustomBuild>
  </ItemGroup>
  <ItemGroup>
    <Filter Include="CMake Rules">
      <UniqueIdentifier>{F8130D57-F057-3AF1-A694-D56C003B76A1}</UniqueIdentifier>
    </Filter>
  </ItemGroup>
</Project>
